
Microsoft Visual Studio Solution File, Format Version 11.00
# Visual Studio 2010
Project("{FAE04EC0-301F-11D3-BF4B-00C04F79EFBC}") = "friendsofdt", "friendsofdt\friendsofdt.csproj", "{588205F3-81BB-4632-B595-D9B73E61CEFA}"
EndProject
Global
	GlobalSection(SolutionConfigurationPlatforms) = preSolution
		Debug|Any CPU = Debug|Any CPU
		Release|Any CPU = Release|Any CPU
	EndGlobalSection
	GlobalSection(ProjectConfigurationPlatforms) = postSolution
		{588205F3-81BB-4632-B595-D9B73E61CEFA}.Debug|Any CPU.ActiveCfg = Debug|Any CPU
		{588205F3-81BB-4632-B595-D9B73E61CEFA}.Debug|Any CPU.Build.0 = Debug|Any CPU
		{588205F3-81BB-4632-B595-D9B73E61CEFA}.Release|Any CPU.ActiveCfg = Release|Any CPU
		{588205F3-81BB-4632-B595-D9B73E61CEFA}.Release|Any CPU.Build.0 = Release|Any CPU
	EndGlobalSection
	GlobalSection(SolutionProperties) = preSolution
		HideSolutionNode = FALSE
	EndGlobalSection
EndGlobal
